
Microsoft Visual Studio Solution File, Format Version 12.00
# Visual Studio Version 17
VisualStudioVersion = 17.0.32112.339
MinimumVisualStudioVersion = 10.0.40219.1
Project("{FAE04EC0-301F-11D3-BF4B-00C04F79EFBC}") = "InitialDesign", "InitialDesign\InitialDesign.csproj", "{BDF89A74-003A-426D-9765-F776C124EC9D}"
EndProject
Global
	GlobalSection(SolutionConfigurationPlatforms) = preSolution
		Debug|Any CPU = Debug|Any CPU
		Release|Any CPU = Release|Any CPU
	EndGlobalSection
	GlobalSection(ProjectConfigurationPlatforms) = postSolution
		{BDF89A74-003A-426D-9765-F776C124EC9D}.Debug|Any CPU.ActiveCfg = Debug|Any CPU
		{BDF89A74-003A-426D-9765-F776C124EC9D}.Debug|Any CPU.Build.0 = Debug|Any CPU
		{BDF89A74-003A-426D-9765-F776C124EC9D}.Release|Any CPU.ActiveCfg = Release|Any CPU
		{BDF89A74-003A-426D-9765-F776C124EC9D}.Release|Any CPU.Build.0 = Release|Any CPU
	EndGlobalSection
	GlobalSection(SolutionProperties) = preSolution
		HideSolutionNode = FALSE
	EndGlobalSection
	GlobalSection(ExtensibilityGlobals) = postSolution
		SolutionGuid = {6DB92B15-FE0F-4627-A0A6-7074D72C723C}
	EndGlobalSection
EndGlobal
